{
  "name": "advancedemailguard",
  "lockfileVersion": 2,
  "requires": true,
  "packages": {
    "": {
      "devDependencies": {
        "@types/grecaptcha": "^3.0.4",
        "@types/jquery": "^3.3.31",
        "uglify-js": "^3.17.0"
      }
    },
    "node_modules/@types/grecaptcha": {
      "version": "3.0.4",
      "resolved": "https://registry.npmjs.org/@types/grecaptcha/-/grecaptcha-3.0.4.tgz",
      "integrity": "sha512-7l1Y8DTGXkx/r4pwU1nMVAR+yD/QC+MCHKXAyEX/7JZhwcN1IED09aZ9vCjjkcGdhSQiu/eJqcXInpl6eEEEwg==",
      "dev": true
    },
    "node_modules/@types/jquery": {
      "version": "3.3.33",
      "resolved": "https://registry.npmjs.org/@types/jquery/-/jquery-3.3.33.tgz",
      "integrity": "sha512-U6IdXYGkfUI42SR79vB2Spj+h1Ly3J3UZjpd8mi943lh126TK7CB+HZOxGh2nM3IySor7wqVQdemD/xtydsBKA==",
      "dev": true,
      "dependencies": {
        "@types/sizzle": "*"
      }
    },
    "node_modules/@types/sizzle": {
      "version": "2.3.2",
      "resolved": "https://registry.npmjs.org/@types/sizzle/-/sizzle-2.3.2.tgz",
      "integrity": "sha512-7EJYyKTL7tFR8+gDbB6Wwz/arpGa0Mywk1TJbNzKzHtzbwVmY4HR9WqS5VV7dsBUKQmPNr192jHr/VpBluj/hg==",
      "dev": true
    },
    "node_modules/uglify-js": {
      "version": "3.17.0",
      "resolved": "https://registry.npmjs.org/uglify-js/-/uglify-js-3.17.0.tgz",
      "integrity": "sha512-aTeNPVmgIMPpm1cxXr2Q/nEbvkmV8yq66F3om7X3P/cvOXQ0TMQ64Wk63iyT1gPlmdmGzjGpyLh1f3y8MZWXGg==",
      "dev": true,
      "bin": {
        "uglifyjs": "bin/uglifyjs"
      },
      "engines": {
        "node": ">=0.8.0"
      }
    }
  },
  "dependencies": {
    "@types/grecaptcha": {
      "version": "3.0.4",
      "resolved": "https://registry.npmjs.org/@types/grecaptcha/-/grecaptcha-3.0.4.tgz",
      "integrity": "sha512-7l1Y8DTGXkx/r4pwU1nMVAR+yD/QC+MCHKXAyEX/7JZhwcN1IED09aZ9vCjjkcGdhSQiu/eJqcXInpl6eEEEwg==",
      "dev": true
    },
    "@types/jquery": {
      "version": "3.3.33",
      "resolved": "https://registry.npmjs.org/@types/jquery/-/jquery-3.3.33.tgz",
      "integrity": "sha512-U6IdXYGkfUI42SR79vB2Spj+h1Ly3J3UZjpd8mi943lh126TK7CB+HZOxGh2nM3IySor7wqVQdemD/xtydsBKA==",
      "dev": true,
      "requires": {
        "@types/sizzle": "*"
      }
    },
    "@types/sizzle": {
      "version": "2.3.2",
      "resolved": "https://registry.npmjs.org/@types/sizzle/-/sizzle-2.3.2.tgz",
      "integrity": "sha512-7EJYyKTL7tFR8+gDbB6Wwz/arpGa0Mywk1TJbNzKzHtzbwVmY4HR9WqS5VV7dsBUKQmPNr192jHr/VpBluj/hg==",
      "dev": true
    },
    "uglify-js": {
      "version": "3.17.0",
      "resolved": "https://registry.npmjs.org/uglify-js/-/uglify-js-3.17.0.tgz",
      "integrity": "sha512-aTeNPVmgIMPpm1cxXr2Q/nEbvkmV8yq66F3om7X3P/cvOXQ0TMQ64Wk63iyT1gPlmdmGzjGpyLh1f3y8MZWXGg==",
      "dev": true
    }
  }
}
